
Microsoft Visual Studio Solution File, Format Version 12.00
# Visual Studio Version 17
VisualStudioVersion = 17.4.33103.184
MinimumVisualStudioVersion = 10.0.40219.1
Project("{FAE04EC0-301F-11D3-BF4B-00C04F79EFBC}") = "40-9-7 ye bolunme", "40-9-7 ye bolunme\40-9-7 ye bolunme.csproj", "{0746B634-2B19-40D3-9177-61A2E9D91951}"
EndProject
Global
	GlobalSection(SolutionConfigurationPlatforms) = preSolution
		Debug|Any CPU = Debug|Any CPU
		Release|Any CPU = Release|Any CPU
	EndGlobalSection
	GlobalSection(ProjectConfigurationPlatforms) = postSolution
		{0746B634-2B19-40D3-9177-61A2E9D91951}.Debug|Any CPU.ActiveCfg = Debug|Any CPU
		{0746B634-2B19-40D3-9177-61A2E9D91951}.Debug|Any CPU.Build.0 = Debug|Any CPU
		{0746B634-2B19-40D3-9177-61A2E9D91951}.Release|Any CPU.ActiveCfg = Release|Any CPU
		{0746B634-2B19-40D3-9177-61A2E9D91951}.Release|Any CPU.Build.0 = Release|Any CPU
	EndGlobalSection
	GlobalSection(SolutionProperties) = preSolution
		HideSolutionNode = FALSE
	EndGlobalSection
	GlobalSection(ExtensibilityGlobals) = postSolution
		SolutionGuid = {7838A4C2-55E7-41FC-B687-0AA467E3EC89}
	EndGlobalSection
EndGlobal
